lockfileVersion: '9.0'

settings:
  autoInstallPeers: true
  excludeLinksFromLockfile: false

importers:

  .:
    dependencies:
      '@elysiajs/bearer':
        specifier: ^1.3.0
        version: 1.3.0(elysia@1.3.3(exact-mirror@0.1.2(@sinclair/typebox@0.34.33))(file-type@21.0.0)(typescript@5.8.3))
      '@elysiajs/cookie':
        specifier: ^0.8.0
        version: 0.8.0(elysia@1.3.3(exact-mirror@0.1.2(@sinclair/typebox@0.34.33))(file-type@21.0.0)(typescript@5.8.3))
      '@elysiajs/cors':
        specifier: ^1.3.3
        version: 1.3.3(elysia@1.3.3(exact-mirror@0.1.2(@sinclair/typebox@0.34.33))(file-type@21.0.0)(typescript@5.8.3))
      '@elysiajs/graphql-yoga':
        specifier: ^1.3.0
        version: 1.3.0(elysia@1.3.3(exact-mirror@0.1.2(@sinclair/typebox@0.34.33))(file-type@21.0.0)(typescript@5.8.3))
      '@elysiajs/jwt':
        specifier: ^1.3.0
        version: 1.3.0(elysia@1.3.3(exact-mirror@0.1.2(@sinclair/typebox@0.34.33))(file-type@21.0.0)(typescript@5.8.3))
      '@elysiajs/swagger':
        specifier: ^1.3.0
        version: 1.3.0(elysia@1.3.3(exact-mirror@0.1.2(@sinclair/typebox@0.34.33))(file-type@21.0.0)(typescript@5.8.3))
      elysia:
        specifier: latest
        version: 1.3.3(exact-mirror@0.1.2(@sinclair/typebox@0.34.33))(file-type@21.0.0)(typescript@5.8.3)
      graphql:
        specifier: ^16.11.0
        version: 16.11.0
      graphql-yoga:
        specifier: ^5.13.5
        version: 5.13.5(graphql@16.11.0)
    devDependencies:
      bun-types:
        specifier: latest
        version: 1.2.15

packages:

  '@elysiajs/bearer@1.3.0':
    resolution: {integrity: sha512-isi/dxBgXdITDtrzC152uPrGicbjjuAkKwawGhIlHiughnnm0k7fEfDk7atiGYp0g21+/qZU2jhaxEx609wtLQ==}
    peerDependencies:
      elysia: '>= 1.3.0'

  '@elysiajs/cookie@0.8.0':
    resolution: {integrity: sha512-CUtDwdYEoN0BcQ3SgZrB4x5nrbM4ih0sMhMuKKdMlEvqLtmRQDfq9KBCrMJW6L/Q0tPH0JLRqwjEbVb6rJufCw==}
    peerDependencies:
      elysia: '>= 0.8.0'

  '@elysiajs/cors@1.3.3':
    resolution: {integrity: sha512-mYIU6PyMM6xIJuj7d27Vt0/wuzVKIEnFPjcvlkyd7t/m9xspAG37cwNjFxVOnyvY43oOd2I/oW2DB85utXpA2Q==}
    peerDependencies:
      elysia: '>= 1.3.0'

  '@elysiajs/graphql-yoga@1.3.0':
    resolution: {integrity: sha512-6yWfZGmrg5rB5uNsrhK76O8Q6QCPhYTgte631JqoNKpwQIKvC1wsabDAR+rAkn4x0UUiTqfBITdHnUXOkuZqVg==}
    peerDependencies:
      elysia: '>= 1.3.0'

  '@elysiajs/jwt@1.3.0':
    resolution: {integrity: sha512-ViKbaiIXqcMSSc3Q8UUwCSAsNEa5o2rjqv3V0tBfC1MAPeOPATiG4AqU/rEhZSG8zPUJL2ETGfp0GSLDPpYf1g==}
    peerDependencies:
      elysia: '>= 1.3.0'

  '@elysiajs/swagger@1.3.0':
    resolution: {integrity: sha512-0fo3FWkDRPNYpowJvLz3jBHe9bFe6gruZUyf+feKvUEEMG9ZHptO1jolSoPE0ffFw1BgN1/wMsP19p4GRXKdfg==}
    peerDependencies:
      elysia: '>= 1.3.0'

  '@envelop/core@3.0.6':
    resolution: {integrity: sha512-06t1xCPXq6QFN7W1JUEf68aCwYN0OUDNAIoJe7bAqhaoa2vn7NCcuX1VHkJ/OWpmElUgCsRO6RiBbIru1in0Ig==}

  '@envelop/core@5.2.3':
    resolution: {integrity: sha512-KfoGlYD/XXQSc3BkM1/k15+JQbkQ4ateHazeZoWl9P71FsLTDXSjGy6j7QqfhpIDSbxNISqhPMfZHYSbDFOofQ==}
    engines: {node: '>=18.0.0'}

  '@envelop/instrumentation@1.0.0':
    resolution: {integrity: sha512-cxgkB66RQB95H3X27jlnxCRNTmPuSTgmBAq6/4n2Dtv4hsk4yz8FadA1ggmd0uZzvKqWD6CR+WFgTjhDqg7eyw==}
    engines: {node: '>=18.0.0'}

  '@envelop/types@3.0.2':
    resolution: {integrity: sha512-pOFea9ha0EkURWxJ/35axoH9fDGP5S2cUu/5Mmo9pb8zUf+TaEot8vB670XXihFEn/92759BMjLJNWBKmNhyng==}

  '@envelop/types@5.2.1':
    resolution: {integrity: sha512-CsFmA3u3c2QoLDTfEpGr4t25fjMU31nyvse7IzWTvb0ZycuPjMjb0fjlheh+PbhBYb9YLugnT2uY6Mwcg1o+Zg==}
    engines: {node: '>=18.0.0'}

  '@envelop/validation-cache@5.1.3':
    resolution: {integrity: sha512-MkzcScQHJJQ/9YCAPdWShEi3xZv4F4neTs+NszzSrZOdlU8z/THuRt7gZ0sO0y2be+sx+SKjHQP8Gq3VXXcTTg==}
    peerDependencies:
      '@envelop/core': ^3.0.6
      graphql: ^14.0.0 || ^15.0.0 || ^16.0.0

  '@fastify/busboy@3.1.1':
    resolution: {integrity: sha512-5DGmA8FTdB2XbDeEwc/5ZXBl6UbBAyBOOLlPuBnZ/N1SwdH9Ii+cOX3tBROlDgcTXxjOYnLMVoKk9+FXAw0CJw==}

  '@graphql-tools/executor@0.0.18':
    resolution: {integrity: sha512-xZC0C+/npXoSHBB5bsJdwxDLgtl1Gu4fL9J2TPQmXoZC3L2N506KJoppf9LgWdHU/xK04luJrhP6WjhfkIN0pQ==}
    peerDependencies:
      graphql: ^14.0.0 || ^15.0.0 || ^16.0.0 || ^17.0.0

  '@graphql-tools/executor@1.4.7':
    resolution: {integrity: sha512-U0nK9jzJRP9/9Izf1+0Gggd6K6RNRsheFo1gC/VWzfnsr0qjcOSS9qTjY0OTC5iTPt4tQ+W5Zpw/uc7mebI6aA==}
    engines: {node: '>=16.0.0'}
    peerDependencies:
      graphql: ^14.0.0 || ^15.0.0 || ^16.0.0 || ^17.0.0

  '@graphql-tools/merge@8.4.2':
    resolution: {integrity: sha512-XbrHAaj8yDuINph+sAfuq3QCZ/tKblrTLOpirK0+CAgNlZUCHs0Fa+xtMUURgwCVThLle1AF7svJCxFizygLsw==}
    peerDependencies:
      graphql: ^14.0.0 || ^15.0.0 || ^16.0.0 || ^17.0.0

  '@graphql-tools/merge@9.0.24':
    resolution: {integrity: sha512-NzWx/Afl/1qHT3Nm1bghGG2l4jub28AdvtG11PoUlmjcIjnFBJMv4vqL0qnxWe8A82peWo4/TkVdjJRLXwgGEw==}
    engines: {node: '>=16.0.0'}
    peerDependencies:
      graphql: ^14.0.0 || ^15.0.0 || ^16.0.0 || ^17.0.0

  '@graphql-tools/schema@10.0.23':
    resolution: {integrity: sha512-aEGVpd1PCuGEwqTXCStpEkmheTHNdMayiIKH1xDWqYp9i8yKv9FRDgkGrY4RD8TNxnf7iII+6KOBGaJ3ygH95A==}
    engines: {node: '>=16.0.0'}
    peerDependencies:
      graphql: ^14.0.0 || ^15.0.0 || ^16.0.0 || ^17.0.0

  '@graphql-tools/schema@9.0.19':
    resolution: {integrity: sha512-oBRPoNBtCkk0zbUsyP4GaIzCt8C0aCI4ycIRUL67KK5pOHljKLBBtGT+Jr6hkzA74C8Gco8bpZPe7aWFjiaK2w==}
    peerDependencies:
      graphql: ^14.0.0 || ^15.0.0 || ^16.0.0 || ^17.0.0

  '@graphql-tools/utils@10.8.6':
    resolution: {integrity: sha512-Alc9Vyg0oOsGhRapfL3xvqh1zV8nKoFUdtLhXX7Ki4nClaIJXckrA86j+uxEuG3ic6j4jlM1nvcWXRn/71AVLQ==}
    engines: {node: '>=16.0.0'}
    peerDependencies:
      graphql: ^14.0.0 || ^15.0.0 || ^16.0.0 || ^17.0.0

  '@graphql-tools/utils@9.2.1':
    resolution: {integrity: sha512-WUw506Ql6xzmOORlriNrD6Ugx+HjVgYxt9KCXD9mHAak+eaXSwuGGPyE60hy9xaDEoXKBsG7SkG69ybitaVl6A==}
    peerDependencies:
      graphql: ^14.0.0 || ^15.0.0 || ^16.0.0 || ^17.0.0

  '@graphql-typed-document-node/core@3.2.0':
    resolution: {integrity: sha512-mB9oAsNCm9aM3/SOv4YtBMqZbYj10R7dkq8byBqxGY/ncFwhf2oQzMV+LCRlWoDSEBJ3COiR1yeDvMtsoOsuFQ==}
    peerDependencies:
      graphql: ^0.8.0 || ^0.9.0 || ^0.10.0 || ^0.11.0 || ^0.12.0 || ^0.13.0 || ^14.0.0 || ^15.0.0 || ^16.0.0 || ^17.0.0

  '@graphql-yoga/logger@0.0.1':
    resolution: {integrity: sha512-6npFz7eZz33mXgSm1waBLMjUNG0D5hTc/p5Hcs1mojkT3KsLpCOFokzTEKboNsBhKevYcaVa/xeA7WBj4UYMLg==}

  '@graphql-yoga/logger@2.0.1':
    resolution: {integrity: sha512-Nv0BoDGLMg9QBKy9cIswQ3/6aKaKjlTh87x3GiBg2Z4RrjyrM48DvOOK0pJh1C1At+b0mUIM67cwZcFTDLN4sA==}
    engines: {node: '>=18.0.0'}

  '@graphql-yoga/subscription@3.1.0':
    resolution: {integrity: sha512-Vc9lh8KzIHyS3n4jBlCbz7zCjcbtQnOBpsymcRvHhFr2cuH+knmRn0EmzimMQ58jQ8kxoRXXC3KJS3RIxSdPIg==}

  '@graphql-yoga/subscription@5.0.5':
    resolution: {integrity: sha512-oCMWOqFs6QV96/NZRt/ZhTQvzjkGB4YohBOpKM4jH/lDT4qb7Lex/aGCxpi/JD9njw3zBBtMqxbaC22+tFHVvw==}
    engines: {node: '>=18.0.0'}

  '@graphql-yoga/typed-event-target@1.0.0':
    resolution: {integrity: sha512-Mqni6AEvl3VbpMtKw+TIjc9qS9a8hKhiAjFtqX488yq5oJtj9TkNlFTIacAVS3vnPiswNsmDiQqvwUOcJgi1DA==}

  '@graphql-yoga/typed-event-target@3.0.2':
    resolution: {integrity: sha512-ZpJxMqB+Qfe3rp6uszCQoag4nSw42icURnBRfFYSOmTgEeOe4rD0vYlbA8spvCu2TlCesNTlEN9BLWtQqLxabA==}
    engines: {node: '>=18.0.0'}

  '@peculiar/asn1-schema@2.3.15':
    resolution: {integrity: sha512-QPeD8UA8axQREpgR5UTAfu2mqQmm97oUqahDtNdBcfj3qAnoXzFdQW+aNf/tD2WVXF8Fhmftxoj0eMIT++gX2w==}

  '@peculiar/json-schema@1.1.12':
    resolution: {integrity: sha512-coUfuoMeIB7B8/NMekxaDzLhaYmp0HZNPEjYRm9goRou8UZIC3z21s0sL9AWoCw4EG876QyO3kYrc61WNF9B/w==}
    engines: {node: '>=8.0.0'}

  '@peculiar/webcrypto@1.5.0':
    resolution: {integrity: sha512-BRs5XUAwiyCDQMsVA9IDvDa7UBR9gAvPHgugOeGng3YN6vJ9JYonyDc0lNczErgtCWtucjR5N7VtaonboD/ezg==}
    engines: {node: '>=10.12.0'}

  '@repeaterjs/repeater@3.0.4':
    resolution: {integrity: sha512-AW8PKd6iX3vAZ0vA43nOUOnbq/X5ihgU+mSXXqunMkeQADGiqw/PY0JNeYtD5sr0PAy51YPgAPbDoeapv9r8WA==}

  '@repeaterjs/repeater@3.0.6':
    resolution: {integrity: sha512-Javneu5lsuhwNCryN+pXH93VPQ8g0dBX7wItHFgYiwQmzE1sVdg5tWHiOgHywzL2W21XQopa7IwIEnNbmeUJYA==}

  '@scalar/openapi-types@0.1.1':
    resolution: {integrity: sha512-NMy3QNk6ytcCoPUGJH0t4NNr36OWXgZhA3ormr3TvhX1NDgoF95wFyodGVH8xiHeUyn2/FxtETm8UBLbB5xEmg==}
    engines: {node: '>=18'}

  '@scalar/openapi-types@0.2.0':
    resolution: {integrity: sha512-waiKk12cRCqyUCWTOX0K1WEVX46+hVUK+zRPzAahDJ7G0TApvbNkuy5wx7aoUyEk++HHde0XuQnshXnt8jsddA==}
    engines: {node: '>=18'}

  '@scalar/themes@0.9.86':
    resolution: {integrity: sha512-QUHo9g5oSWi+0Lm1vJY9TaMZRau8LHg+vte7q5BVTBnu6NuQfigCaN+ouQ73FqIVd96TwMO6Db+dilK1B+9row==}
    engines: {node: '>=18'}

  '@scalar/types@0.0.12':
    resolution: {integrity: sha512-XYZ36lSEx87i4gDqopQlGCOkdIITHHEvgkuJFrXFATQs9zHARop0PN0g4RZYWj+ZpCUclOcaOjbCt8JGe22mnQ==}
    engines: {node: '>=18'}

  '@scalar/types@0.1.7':
    resolution: {integrity: sha512-irIDYzTQG2KLvFbuTI8k2Pz/R4JR+zUUSykVTbEMatkzMmVFnn1VzNSMlODbadycwZunbnL2tA27AXed9URVjw==}
    engines: {node: '>=18'}

  '@sinclair/typebox@0.34.33':
    resolution: {integrity: sha512-5HAV9exOMcXRUxo+9iYB5n09XxzCXnfy4VTNW4xnDv+FgjzAGY989C28BIdljKqmF+ZltUwujE3aossvcVtq6g==}

  '@tokenizer/inflate@0.2.7':
    resolution: {integrity: sha512-MADQgmZT1eKjp06jpI2yozxaU9uVs4GzzgSL+uEq7bVcJ9V1ZXQkeGNql1fsSI0gMy1vhvNTNbUqrx+pZfJVmg==}
    engines: {node: '>=18'}

  '@tokenizer/token@0.3.0':
    resolution: {integrity: sha512-OvjF+z51L3ov0OyAU0duzsYuvO01PH7x4t6DJx+guahgTnBHkhJdG7soQeTSFLWN3efnHyibZ4Z8l2EuWwJN3A==}

  '@types/cookie-signature@1.1.2':
    resolution: {integrity: sha512-2OhrZV2LVnUAXklUFwuYUTokalh/dUb8rqt70OW6ByMSxYpauPZ+kfNLknX3aJyjY5iu8i3cUyoLZP9Fn37tTg==}

  '@types/cookie@0.5.4':
    resolution: {integrity: sha512-7z/eR6O859gyWIAjuvBWFzNURmf2oPBmJlfVWkwehU5nzIyjwBsTh7WMmEEV4JFnHuQ3ex4oyTvfKzcyJVDBNA==}

  '@types/node@22.15.24':
    resolution: {integrity: sha512-w9CZGm9RDjzTh/D+hFwlBJ3ziUaVw7oufKA3vOFSOZlzmW9AkZnfjPb+DLnrV6qtgL/LNmP0/2zBNCFHL3F0ng==}

  '@unhead/schema@1.11.20':
    resolution: {integrity: sha512-0zWykKAaJdm+/Y7yi/Yds20PrUK7XabLe9c3IRcjnwYmSWY6z0Cr19VIs3ozCj8P+GhR+/TI2mwtGlueCEYouA==}

  '@whatwg-node/disposablestack@0.0.6':
    resolution: {integrity: sha512-LOtTn+JgJvX8WfBVJtF08TGrdjuFzGJc4mkP8EdDI8ADbvO7kiexYep1o8dwnt0okb0jYclCDXF13xU7Ge4zSw==}
    engines: {node: '>=18.0.0'}

  '@whatwg-node/events@0.0.2':
    resolution: {integrity: sha512-WKj/lI4QjnLuPrim0cfO7i+HsDSXHxNv1y0CrJhdntuO3hxWZmnXCwNDnwOvry11OjRin6cgWNF+j/9Pn8TN4w==}

  '@whatwg-node/events@0.0.3':
    resolution: {integrity: sha512-IqnKIDWfXBJkvy/k6tzskWTc2NK3LcqHlb+KHGCrjOCH4jfQckRX0NAiIcC/vIqQkzLYw2r2CTSwAxcrtcD6lA==}

  '@whatwg-node/events@0.1.2':
    resolution: {integrity: sha512-ApcWxkrs1WmEMS2CaLLFUEem/49erT3sxIVjpzU5f6zmVcnijtDSrhoK2zVobOIikZJdH63jdAXOrvjf6eOUNQ==}
    engines: {node: '>=18.0.0'}

  '@whatwg-node/fetch@0.10.8':
    resolution: {integrity: sha512-Rw9z3ctmeEj8QIB9MavkNJqekiu9usBCSMZa+uuAvM0lF3v70oQVCXNppMIqaV6OTZbdaHF1M2HLow58DEw+wg==}
    engines: {node: '>=18.0.0'}

  '@whatwg-node/fetch@0.8.8':
    resolution: {integrity: sha512-CdcjGC2vdKhc13KKxgsc6/616BQ7ooDIgPeTuAiE8qfCnS0mGzcfCOoZXypQSz73nxI+GWc7ZReIAVhxoE1KCg==}

  '@whatwg-node/node-fetch@0.3.6':
    resolution: {integrity: sha512-w9wKgDO4C95qnXZRwZTfCmLWqyRnooGjcIwG0wADWjw9/HN0p7dtvtgSvItZtUyNteEvgTrd8QojNEqV6DAGTA==}

  '@whatwg-node/node-fetch@0.7.21':
    resolution: {integrity: sha512-QC16IdsEyIW7kZd77aodrMO7zAoDyyqRCTLg+qG4wqtP4JV9AA+p7/lgqMdD29XyiYdVvIdFrfI9yh7B1QvRvw==}
    engines: {node: '>=18.0.0'}

  '@whatwg-node/promise-helpers@1.3.2':
    resolution: {integrity: sha512-Nst5JdK47VIl9UcGwtv2Rcgyn5lWtZ0/mhRQ4G8NN2isxpq2TO30iqHzmwoJycjWuyUfg3GFXqP/gFHXeV57IA==}
    engines: {node: '>=16.0.0'}

  '@whatwg-node/server@0.10.10':
    resolution: {integrity: sha512-GwpdMgUmwIp0jGjP535YtViP/nnmETAyHpGPWPZKdX++Qht/tSLbGXgFUMSsQvEACmZAR1lAPNu2CnYL1HpBgg==}
    engines: {node: '>=18.0.0'}

  '@whatwg-node/server@0.7.7':
    resolution: {integrity: sha512-aHURgNDFm/48WVV3vhTMfnEKCYwYgdaRdRhZsQZx4UVFjGGkGay7Ys0+AYu9QT/jpoImv2oONkstoTMUprDofg==}

  asn1js@3.0.6:
    resolution: {integrity: sha512-UOCGPYbl0tv8+006qks/dTgV9ajs97X2p0FAbyS2iyCRrmLSRolDaHdp+v/CLgnzHc3fVB+CwYiUmei7ndFcgA==}
    engines: {node: '>=12.0.0'}

  bun-types@1.2.15:
    resolution: {integrity: sha512-NarRIaS+iOaQU1JPfyKhZm4AsUOrwUOqRNHY0XxI8GI8jYxiLXLcdjYMG9UKS+fwWasc1uw1htV9AX24dD+p4w==}

  busboy@1.6.0:
    resolution: {integrity: sha512-8SFQbg/0hQ9xy3UNTB0YEnsNBbWfhf7RtnzpL7TkBiTBRfrQ9Fxcnz7VJsleJpyp6rVLvXiuORqjlHi5q+PYuA==}
    engines: {node: '>=10.16.0'}

  cookie-signature@1.2.2:
    resolution: {integrity: sha512-D76uU73ulSXrD1UXF4KE2TMxVVwhsnCgfAyTg9k8P6KGZjlXKrOLe4dJQKI3Bxi5wjesZoFXJWElNWBjPZMbhg==}
    engines: {node: '>=6.6.0'}

  cookie@0.5.0:
    resolution: {integrity: sha512-YZ3GUyn/o8gfKJlnlX7g7xq4gyO6OSuhGPKaaGssGB2qgDUS0gPgtTvoyZLTt9Ab6dC4hfc9dV5arkvc/OCmrw==}
    engines: {node: '>= 0.6'}

  cookie@1.0.2:
    resolution: {integrity: sha512-9Kr/j4O16ISv8zBBhJoi4bXOYNTkFLOqSL3UDB0njXxCXNezjeyVrJyGOWtgfs/q2km1gwBcfH8q1yEGoMYunA==}
    engines: {node: '>=18'}

  cross-inspect@1.0.1:
    resolution: {integrity: sha512-Pcw1JTvZLSJH83iiGWt6fRcT+BjZlCDRVwYLbUcHzv/CRpB7r0MlSrGbIyQvVSNyGnbt7G4AXuyCiDR3POvZ1A==}
    engines: {node: '>=16.0.0'}

  debug@4.4.1:
    resolution: {integrity: sha512-KcKCqiftBJcZr++7ykoDIEwSa3XWowTfNPo92BYxjXiyYEVrUQh2aLyhxBCwww+heortUFxEJYcRzosstTEBYQ==}
    engines: {node: '>=6.0'}
    peerDependencies:
      supports-color: '*'
    peerDependenciesMeta:
      supports-color:
        optional: true

  dset@3.1.4:
    resolution: {integrity: sha512-2QF/g9/zTaPDc3BjNcVTGoBbXBgYfMTTceLaYcFJ/W9kggFUkhxD/hMEeuLKbugyef9SqAx8cpgwlIP/jinUTA==}
    engines: {node: '>=4'}

  elysia@1.3.3:
    resolution: {integrity: sha512-x6a89d4h0xX9TB0CSGkUuKNqIK776HBJw0WHtK1B3ViQqZijsLnOor6be/7TwVl8MG6m59NHGHbmbBS6lnCXSw==}
    peerDependencies:
      exact-mirror: '>= 0.0.9'
      file-type: '>= 20.0.0'
      typescript: '>= 5.0.0'

  exact-mirror@0.1.2:
    resolution: {integrity: sha512-wFCPCDLmHbKGUb8TOi/IS7jLsgR8WVDGtDK3CzcB4Guf/weq7G+I+DkXiRSZfbemBFOxOINKpraM6ml78vo8Zw==}
    peerDependencies:
      '@sinclair/typebox': ^0.34.15
    peerDependenciesMeta:
      '@sinclair/typebox':
        optional: true

  fast-decode-uri-component@1.0.1:
    resolution: {integrity: sha512-WKgKWg5eUxvRZGwW8FvfbaH7AXSh2cL+3j5fMGzUMCxWBJ3dV3a7Wz8y2f/uQ0e3B6WmodD3oS54jTQ9HVTIIg==}

  fast-querystring@1.1.2:
    resolution: {integrity: sha512-g6KuKWmFXc0fID8WWH0jit4g0AGBoJhCkJMb1RmbsSEUNvQ+ZC8D6CUZ+GtF8nMzSPXnhiePyyqqipzNNEnHjg==}

  fast-url-parser@1.1.3:
    resolution: {integrity: sha512-5jOCVXADYNuRkKFzNJ0dCCewsZiYo0dz8QNYljkOpFC6r2U4OBmKtvm/Tsuh4w1YYdDqDb31a8TVhBJ2OJKdqQ==}

  fflate@0.8.2:
    resolution: {integrity: sha512-cPJU47OaAoCbg0pBvzsgpTPhmhqI5eJjh/JIu8tPj5q+T7iLvW/JAYUqmE7KOB4R1ZyEhzBaIQpQpardBF5z8A==}

  file-type@21.0.0:
    resolution: {integrity: sha512-ek5xNX2YBYlXhiUXui3D/BXa3LdqPmoLJ7rqEx2bKJ7EAUEfmXgW0Das7Dc6Nr9MvqaOnIqiPV0mZk/r/UpNAg==}
    engines: {node: '>=20'}

  graphql-mobius@0.1.13:
    resolution: {integrity: sha512-GFTHB9VUnYaKI5cNjadYnVgsH2AqW4//0UTpZlzHq2BpErbqzy+EZn8rFXIus/jLyYv3fFqbuzbNJV8AygSeJA==}
    peerDependencies:
      graphql: '*'
      graphql-yoga: '*'
    peerDependenciesMeta:
      graphql:
        optional: true
      graphql-yoga:
        optional: true

  graphql-yoga@3.9.1:
    resolution: {integrity: sha512-BB6EkN64VBTXWmf9Kym2OsVZFzBC0mAsQNo9eNB5xIr3t+x7qepQ34xW5A353NWol3Js3xpzxwIKFVF6l9VsPg==}
    peerDependencies:
      graphql: ^15.2.0 || ^16.0.0

  graphql-yoga@5.13.5:
    resolution: {integrity: sha512-a0DxeXr2oazOlnh8i+By8EM8QJPIG9OcI/nB6K//paM6fjv97WTYgXd57r0Ni0yOm6ts+y1yYL5IG90N4UWFmQ==}
    engines: {node: '>=18.0.0'}
    peerDependencies:
      graphql: ^15.2.0 || ^16.0.0

  graphql@16.11.0:
    resolution: {integrity: sha512-mS1lbMsxgQj6hge1XZ6p7GPhbrtFwUFYi3wRzXAC/FmYnyXMTvvI3td3rjmQ2u8ewXueaSvRPWaEcgVVOT9Jnw==}
    engines: {node: ^12.22.0 || ^14.16.0 || ^16.0.0 || >=17.0.0}

  hash-it@6.0.0:
    resolution: {integrity: sha512-KHzmSFx1KwyMPw0kXeeUD752q/Kfbzhy6dAZrjXV9kAIXGqzGvv8vhkUqj+2MGZldTo0IBpw6v7iWE7uxsvH0w==}

  hookable@5.5.3:
    resolution: {integrity: sha512-Yc+BQe8SvoXH1643Qez1zqLRmbA5rCL+sSmk6TVos0LWVfNIB7PGncdlId77WzLGSIB5KaWgTaNTs2lNVEI6VQ==}

  ieee754@1.2.1:
    resolution: {integrity: sha512-dcyqhDvX1C46lXZcVqCpK+FtMRQVdIMN6/Df5js2zouUsqG7I6sFxitIC+7KYK29KdXOLHdu9zL4sFnoVQnqaA==}

  jose@4.15.9:
    resolution: {integrity: sha512-1vUQX+IdDMVPj4k8kOxgUqlcK518yluMuGZwqlr44FS1ppZB/5GWh4rZG89erpOBOJjU/OBsnCVFfapsRz6nEA==}

  lru-cache@10.4.3:
    resolution: {integrity: sha512-JNAzZcXrCt42VGLuYz0zfAzDfAvJWW6AfYlDBQyDV5DClI2m5sAmK+OIO7s59XfsRsWHp02jAJrRadPRGTt6SQ==}

  lru-cache@6.0.0:
    resolution: {integrity: sha512-Jo6dJ04CmSjuznwJSS3pUeWmd/H0ffTlkXXgwZi+eq1UCmqQwCh+eLsYOYCwY991i2Fah4h1BEMCx4qThGbsiA==}
    engines: {node: '>=10'}

  lru-cache@7.18.3:
    resolution: {integrity: sha512-jumlc0BIUrS3qJGgIkWZsyfAM7NCWiBcCDhnd+3NNM5KbBmLTgHVfWBcg6W+rLUsIpzpERPsvwUP7CckAQSOoA==}
    engines: {node: '>=12'}

  ms@2.1.3:
    resolution: {integrity: sha512-6FlzubTLZG3J2a/NVCAleEhjzq5oxgHyaCU9yYXvcLsvoVaHJq/s5xXI6/XXP6tz7R9xAOtHnSO/tXtF3WRTlA==}

  nanoid@5.1.5:
    resolution: {integrity: sha512-Ir/+ZpE9fDsNH0hQ3C68uyThDXzYcim2EqcZ8zn8Chtt1iylPT9xXJB0kPCnqzgcEGikO9RxSrh63MsmVCU7Fw==}
    engines: {node: ^18 || >=20}
    hasBin: true

  openapi-types@12.1.3:
    resolution: {integrity: sha512-N4YtSYJqghVu4iek2ZUvcN/0aqH1kRDuNqzcycDxhOUpg7GdvLa2F3DgS6yBNhInhv2r/6I0Flkn7CqL8+nIcw==}

  pathe@1.1.2:
    resolution: {integrity: sha512-whLdWMYL2TwI08hn8/ZqAbrVemu0LNaNNJZX73O6qaIdCTfXutsLhMkjdENX0qhsQ9uIimo4/aQOmXkoon2nDQ==}

  peek-readable@7.0.0:
    resolution: {integrity: sha512-nri2TO5JE3/mRryik9LlHFT53cgHfRK0Lt0BAZQXku/AW3E6XLt2GaY8siWi7dvW/m1z0ecn+J+bpDa9ZN3IsQ==}
    engines: {node: '>=18'}

  punycode@1.4.1:
    resolution: {integrity: sha512-jmYNElW7yvO7TV33CjSmvSiE2yco3bV2czu/OzDKdMNVZQWfxCblURLhf+47syQRBntjfLdd/H0egrzIG+oaFQ==}

  pvtsutils@1.3.6:
    resolution: {integrity: sha512-PLgQXQ6H2FWCaeRak8vvk1GW462lMxB5s3Jm673N82zI4vqtVUPuZdffdZbPDFRoU8kAhItWFtPCWiPpp4/EDg==}

  pvutils@1.1.3:
    resolution: {integrity: sha512-pMpnA0qRdFp32b1sJl1wOJNxZLQ2cbQx+k6tjNtZ8CpvVhNqEPRgivZ2WOUev2YMajecdH7ctUPDvEe87nariQ==}
    engines: {node: '>=6.0.0'}

  streamsearch@1.1.0:
    resolution: {integrity: sha512-Mcc5wHehp9aXz1ax6bZUyY5afg9u2rv5cqQI3mRrYkGC8rW2hM02jWuwjtL++LS5qinSyhj2QfLyNsuc+VsExg==}
    engines: {node: '>=10.0.0'}

  strtok3@10.2.2:
    resolution: {integrity: sha512-Xt18+h4s7Z8xyZ0tmBoRmzxcop97R4BAh+dXouUDCYn+Em+1P3qpkUfI5ueWLT8ynC5hZ+q4iPEmGG1urvQGBg==}
    engines: {node: '>=18'}

  token-types@6.0.0:
    resolution: {integrity: sha512-lbDrTLVsHhOMljPscd0yitpozq7Ga2M5Cvez5AjGg8GASBjtt6iERCAJ93yommPmz62fb45oFIXHEZ3u9bfJEA==}
    engines: {node: '>=14.16'}

  tslib@2.8.1:
    resolution: {integrity: sha512-oJFu94HQb+KVduSUQL7wnpmqnfmLsOA/nAh6b6EH0wCEoK0/mPeXU6c3wKDV83MkOuHPRHtSXKKU99IBazS/2w==}

  type-fest@4.41.0:
    resolution: {integrity: sha512-TeTSQ6H5YHvpqVwBRcnLDCBnDOHWYu7IvGbHT6N8AOymcr9PJGjc1GTtiWZTYg0NCgYwvnYWEkVChQAr9bjfwA==}
    engines: {node: '>=16'}

  typescript@5.8.3:
    resolution: {integrity: sha512-p1diW6TqL9L07nNxvRMM7hMMw4c5XOo/1ibL4aAIGmSAt9slTE1Xgw5KWuof2uTOvCg9BY7ZRi+GaF+7sfgPeQ==}
    engines: {node: '>=14.17'}
    hasBin: true

  uint8array-extras@1.4.0:
    resolution: {integrity: sha512-ZPtzy0hu4cZjv3z5NW9gfKnNLjoz4y6uv4HlelAjDK7sY/xOkKZv9xK/WQpcsBB3jEybChz9DPC2U/+cusjJVQ==}
    engines: {node: '>=18'}

  undici-types@6.21.0:
    resolution: {integrity: sha512-iwDZqg0QAGrg9Rav5H4n0M64c3mkR59cJ6wQp+7C4nI0gsmExaedaYLNO44eT4AtBBwjbTiGPMlt2Md0T9H9JQ==}

  urlpattern-polyfill@10.1.0:
    resolution: {integrity: sha512-IGjKp/o0NL3Bso1PymYURCJxMPNAf/ILOpendP9f5B6e1rTJgdgiOvgfoT8VxCAdY+Wisb9uhGaJJf3yZ2V9nw==}

  urlpattern-polyfill@8.0.2:
    resolution: {integrity: sha512-Qp95D4TPJl1kC9SKigDcqgyM2VDVO4RiJc2d4qe5GrYm+zbIQCWWKAFaJNQ4BhdFeDGwBmAxqJBwWSJDb9T3BQ==}

  value-or-promise@1.0.12:
    resolution: {integrity: sha512-Z6Uz+TYwEqE7ZN50gwn+1LCVo9ZVrpxRPOhOLnncYkY1ZzOYtrX8Fwf/rFktZ8R5mJms6EZf5TqNOMeZmnPq9Q==}
    engines: {node: '>=12'}

  web-streams-polyfill@3.3.3:
    resolution: {integrity: sha512-d2JWLCivmZYTSIoge9MsgFCZrt571BikcWGYkjC1khllbTeDlGqZ2D8vD8E/lJa8WGWbb7Plm8/XJYV7IJHZZw==}
    engines: {node: '>= 8'}

  webcrypto-core@1.8.1:
    resolution: {integrity: sha512-P+x1MvlNCXlKbLSOY4cYrdreqPG5hbzkmawbcXLKN/mf6DZW0SdNNkZ+sjwsqVkI4A4Ko2sPZmkZtCKY58w83A==}

  yallist@4.0.0:
    resolution: {integrity: sha512-3wdGidZyq5PB084XLES5TpOSRA3wjXAlIWMhum2kRcv/41Sn2emQ0dycQW4uZXLejwKvg6EsvbdlVL+FYEct7A==}

  zhead@2.2.4:
    resolution: {integrity: sha512-8F0OI5dpWIA5IGG5NHUg9staDwz/ZPxZtvGVf01j7vHqSyZ0raHY+78atOVxRqb73AotX22uV1pXt3gYSstGag==}

  zod@3.25.36:
    resolution: {integrity: sha512-eRFS3i8T0IrpGdL8HQyqFAugGOn7jOjyGgGdtv5NY4Wkhi7lJDk732bNZ609YMIGFbLoaj6J69O1Mura23gfIw==}

snapshots:

  '@elysiajs/bearer@1.3.0(elysia@1.3.3(exact-mirror@0.1.2(@sinclair/typebox@0.34.33))(file-type@21.0.0)(typescript@5.8.3))':
    dependencies:
      elysia: 1.3.3(exact-mirror@0.1.2(@sinclair/typebox@0.34.33))(file-type@21.0.0)(typescript@5.8.3)

  '@elysiajs/cookie@0.8.0(elysia@1.3.3(exact-mirror@0.1.2(@sinclair/typebox@0.34.33))(file-type@21.0.0)(typescript@5.8.3))':
    dependencies:
      '@types/cookie': 0.5.4
      '@types/cookie-signature': 1.1.2
      cookie: 0.5.0
      cookie-signature: 1.2.2
      elysia: 1.3.3(exact-mirror@0.1.2(@sinclair/typebox@0.34.33))(file-type@21.0.0)(typescript@5.8.3)

  '@elysiajs/cors@1.3.3(elysia@1.3.3(exact-mirror@0.1.2(@sinclair/typebox@0.34.33))(file-type@21.0.0)(typescript@5.8.3))':
    dependencies:
      elysia: 1.3.3(exact-mirror@0.1.2(@sinclair/typebox@0.34.33))(file-type@21.0.0)(typescript@5.8.3)

  '@elysiajs/graphql-yoga@1.3.0(elysia@1.3.3(exact-mirror@0.1.2(@sinclair/typebox@0.34.33))(file-type@21.0.0)(typescript@5.8.3))':
    dependencies:
      elysia: 1.3.3(exact-mirror@0.1.2(@sinclair/typebox@0.34.33))(file-type@21.0.0)(typescript@5.8.3)
      graphql: 16.11.0
      graphql-mobius: 0.1.13(graphql-yoga@3.9.1(graphql@16.11.0))(graphql@16.11.0)
      graphql-yoga: 3.9.1(graphql@16.11.0)

  '@elysiajs/jwt@1.3.0(elysia@1.3.3(exact-mirror@0.1.2(@sinclair/typebox@0.34.33))(file-type@21.0.0)(typescript@5.8.3))':
    dependencies:
      elysia: 1.3.3(exact-mirror@0.1.2(@sinclair/typebox@0.34.33))(file-type@21.0.0)(typescript@5.8.3)
      jose: 4.15.9

  '@elysiajs/swagger@1.3.0(elysia@1.3.3(exact-mirror@0.1.2(@sinclair/typebox@0.34.33))(file-type@21.0.0)(typescript@5.8.3))':
    dependencies:
      '@scalar/themes': 0.9.86
      '@scalar/types': 0.0.12
      elysia: 1.3.3(exact-mirror@0.1.2(@sinclair/typebox@0.34.33))(file-type@21.0.0)(typescript@5.8.3)
      openapi-types: 12.1.3
      pathe: 1.1.2

  '@envelop/core@3.0.6':
    dependencies:
      '@envelop/types': 3.0.2
      tslib: 2.8.1

  '@envelop/core@5.2.3':
    dependencies:
      '@envelop/instrumentation': 1.0.0
      '@envelop/types': 5.2.1
      '@whatwg-node/promise-helpers': 1.3.2
      tslib: 2.8.1

  '@envelop/instrumentation@1.0.0':
    dependencies:
      '@whatwg-node/promise-helpers': 1.3.2
      tslib: 2.8.1

  '@envelop/types@3.0.2':
    dependencies:
      tslib: 2.8.1

  '@envelop/types@5.2.1':
    dependencies:
      '@whatwg-node/promise-helpers': 1.3.2
      tslib: 2.8.1

  '@envelop/validation-cache@5.1.3(@envelop/core@3.0.6)(graphql@16.11.0)':
    dependencies:
      '@envelop/core': 3.0.6
      graphql: 16.11.0
      hash-it: 6.0.0
      lru-cache: 6.0.0
      tslib: 2.8.1

  '@fastify/busboy@3.1.1': {}

  '@graphql-tools/executor@0.0.18(graphql@16.11.0)':
    dependencies:
      '@graphql-tools/utils': 9.2.1(graphql@16.11.0)
      '@graphql-typed-document-node/core': 3.2.0(graphql@16.11.0)
      '@repeaterjs/repeater': 3.0.4
      graphql: 16.11.0
      tslib: 2.8.1
      value-or-promise: 1.0.12

  '@graphql-tools/executor@1.4.7(graphql@16.11.0)':
    dependencies:
      '@graphql-tools/utils': 10.8.6(graphql@16.11.0)
      '@graphql-typed-document-node/core': 3.2.0(graphql@16.11.0)
      '@repeaterjs/repeater': 3.0.6
      '@whatwg-node/disposablestack': 0.0.6
      '@whatwg-node/promise-helpers': 1.3.2
      graphql: 16.11.0
      tslib: 2.8.1

  '@graphql-tools/merge@8.4.2(graphql@16.11.0)':
    dependencies:
      '@graphql-tools/utils': 9.2.1(graphql@16.11.0)
      graphql: 16.11.0
      tslib: 2.8.1

  '@graphql-tools/merge@9.0.24(graphql@16.11.0)':
    dependencies:
      '@graphql-tools/utils': 10.8.6(graphql@16.11.0)
      graphql: 16.11.0
      tslib: 2.8.1

  '@graphql-tools/schema@10.0.23(graphql@16.11.0)':
    dependencies:
      '@graphql-tools/merge': 9.0.24(graphql@16.11.0)
      '@graphql-tools/utils': 10.8.6(graphql@16.11.0)
      graphql: 16.11.0
      tslib: 2.8.1

  '@graphql-tools/schema@9.0.19(graphql@16.11.0)':
    dependencies:
      '@graphql-tools/merge': 8.4.2(graphql@16.11.0)
      '@graphql-tools/utils': 9.2.1(graphql@16.11.0)
      graphql: 16.11.0
      tslib: 2.8.1
      value-or-promise: 1.0.12

  '@graphql-tools/utils@10.8.6(graphql@16.11.0)':
    dependencies:
      '@graphql-typed-document-node/core': 3.2.0(graphql@16.11.0)
      '@whatwg-node/promise-helpers': 1.3.2
      cross-inspect: 1.0.1
      dset: 3.1.4
      graphql: 16.11.0
      tslib: 2.8.1

  '@graphql-tools/utils@9.2.1(graphql@16.11.0)':
    dependencies:
      '@graphql-typed-document-node/core': 3.2.0(graphql@16.11.0)
      graphql: 16.11.0
      tslib: 2.8.1

  '@graphql-typed-document-node/core@3.2.0(graphql@16.11.0)':
    dependencies:
      graphql: 16.11.0

  '@graphql-yoga/logger@0.0.1':
    dependencies:
      tslib: 2.8.1

  '@graphql-yoga/logger@2.0.1':
    dependencies:
      tslib: 2.8.1

  '@graphql-yoga/subscription@3.1.0':
    dependencies:
      '@graphql-yoga/typed-event-target': 1.0.0
      '@repeaterjs/repeater': 3.0.6
      '@whatwg-node/events': 0.0.2
      tslib: 2.8.1

  '@graphql-yoga/subscription@5.0.5':
    dependencies:
      '@graphql-yoga/typed-event-target': 3.0.2
      '@repeaterjs/repeater': 3.0.6
      '@whatwg-node/events': 0.1.2
      tslib: 2.8.1

  '@graphql-yoga/typed-event-target@1.0.0':
    dependencies:
      '@repeaterjs/repeater': 3.0.6
      tslib: 2.8.1

  '@graphql-yoga/typed-event-target@3.0.2':
    dependencies:
      '@repeaterjs/repeater': 3.0.6
      tslib: 2.8.1

  '@peculiar/asn1-schema@2.3.15':
    dependencies:
      asn1js: 3.0.6
      pvtsutils: 1.3.6
      tslib: 2.8.1

  '@peculiar/json-schema@1.1.12':
    dependencies:
      tslib: 2.8.1

  '@peculiar/webcrypto@1.5.0':
    dependencies:
      '@peculiar/asn1-schema': 2.3.15
      '@peculiar/json-schema': 1.1.12
      pvtsutils: 1.3.6
      tslib: 2.8.1
      webcrypto-core: 1.8.1

  '@repeaterjs/repeater@3.0.4': {}

  '@repeaterjs/repeater@3.0.6': {}

  '@scalar/openapi-types@0.1.1': {}

  '@scalar/openapi-types@0.2.0':
    dependencies:
      zod: 3.25.36

  '@scalar/themes@0.9.86':
    dependencies:
      '@scalar/types': 0.1.7

  '@scalar/types@0.0.12':
    dependencies:
      '@scalar/openapi-types': 0.1.1
      '@unhead/schema': 1.11.20

  '@scalar/types@0.1.7':
    dependencies:
      '@scalar/openapi-types': 0.2.0
      '@unhead/schema': 1.11.20
      nanoid: 5.1.5
      type-fest: 4.41.0
      zod: 3.25.36

  '@sinclair/typebox@0.34.33':
    optional: true

  '@tokenizer/inflate@0.2.7':
    dependencies:
      debug: 4.4.1
      fflate: 0.8.2
      token-types: 6.0.0
    transitivePeerDependencies:
      - supports-color

  '@tokenizer/token@0.3.0': {}

  '@types/cookie-signature@1.1.2':
    dependencies:
      '@types/node': 22.15.24

  '@types/cookie@0.5.4': {}

  '@types/node@22.15.24':
    dependencies:
      undici-types: 6.21.0

  '@unhead/schema@1.11.20':
    dependencies:
      hookable: 5.5.3
      zhead: 2.2.4

  '@whatwg-node/disposablestack@0.0.6':
    dependencies:
      '@whatwg-node/promise-helpers': 1.3.2
      tslib: 2.8.1

  '@whatwg-node/events@0.0.2': {}

  '@whatwg-node/events@0.0.3': {}

  '@whatwg-node/events@0.1.2':
    dependencies:
      tslib: 2.8.1

  '@whatwg-node/fetch@0.10.8':
    dependencies:
      '@whatwg-node/node-fetch': 0.7.21
      urlpattern-polyfill: 10.1.0

  '@whatwg-node/fetch@0.8.8':
    dependencies:
      '@peculiar/webcrypto': 1.5.0
      '@whatwg-node/node-fetch': 0.3.6
      busboy: 1.6.0
      urlpattern-polyfill: 8.0.2
      web-streams-polyfill: 3.3.3

  '@whatwg-node/node-fetch@0.3.6':
    dependencies:
      '@whatwg-node/events': 0.0.3
      busboy: 1.6.0
      fast-querystring: 1.1.2
      fast-url-parser: 1.1.3
      tslib: 2.8.1

  '@whatwg-node/node-fetch@0.7.21':
    dependencies:
      '@fastify/busboy': 3.1.1
      '@whatwg-node/disposablestack': 0.0.6
      '@whatwg-node/promise-helpers': 1.3.2
      tslib: 2.8.1

  '@whatwg-node/promise-helpers@1.3.2':
    dependencies:
      tslib: 2.8.1

  '@whatwg-node/server@0.10.10':
    dependencies:
      '@envelop/instrumentation': 1.0.0
      '@whatwg-node/disposablestack': 0.0.6
      '@whatwg-node/fetch': 0.10.8
      '@whatwg-node/promise-helpers': 1.3.2
      tslib: 2.8.1

  '@whatwg-node/server@0.7.7':
    dependencies:
      '@whatwg-node/fetch': 0.8.8
      tslib: 2.8.1

  asn1js@3.0.6:
    dependencies:
      pvtsutils: 1.3.6
      pvutils: 1.1.3
      tslib: 2.8.1

  bun-types@1.2.15:
    dependencies:
      '@types/node': 22.15.24

  busboy@1.6.0:
    dependencies:
      streamsearch: 1.1.0

  cookie-signature@1.2.2: {}

  cookie@0.5.0: {}

  cookie@1.0.2: {}

  cross-inspect@1.0.1:
    dependencies:
      tslib: 2.8.1

  debug@4.4.1:
    dependencies:
      ms: 2.1.3

  dset@3.1.4: {}

  elysia@1.3.3(exact-mirror@0.1.2(@sinclair/typebox@0.34.33))(file-type@21.0.0)(typescript@5.8.3):
    dependencies:
      cookie: 1.0.2
      exact-mirror: 0.1.2(@sinclair/typebox@0.34.33)
      fast-decode-uri-component: 1.0.1
      file-type: 21.0.0
      typescript: 5.8.3
    optionalDependencies:
      '@sinclair/typebox': 0.34.33
      openapi-types: 12.1.3

  exact-mirror@0.1.2(@sinclair/typebox@0.34.33):
    optionalDependencies:
      '@sinclair/typebox': 0.34.33

  fast-decode-uri-component@1.0.1: {}

  fast-querystring@1.1.2:
    dependencies:
      fast-decode-uri-component: 1.0.1

  fast-url-parser@1.1.3:
    dependencies:
      punycode: 1.4.1

  fflate@0.8.2: {}

  file-type@21.0.0:
    dependencies:
      '@tokenizer/inflate': 0.2.7
      strtok3: 10.2.2
      token-types: 6.0.0
      uint8array-extras: 1.4.0
    transitivePeerDependencies:
      - supports-color

  graphql-mobius@0.1.13(graphql-yoga@3.9.1(graphql@16.11.0))(graphql@16.11.0):
    optionalDependencies:
      graphql: 16.11.0
      graphql-yoga: 3.9.1(graphql@16.11.0)

  graphql-yoga@3.9.1(graphql@16.11.0):
    dependencies:
      '@envelop/core': 3.0.6
      '@envelop/validation-cache': 5.1.3(@envelop/core@3.0.6)(graphql@16.11.0)
      '@graphql-tools/executor': 0.0.18(graphql@16.11.0)
      '@graphql-tools/schema': 9.0.19(graphql@16.11.0)
      '@graphql-tools/utils': 9.2.1(graphql@16.11.0)
      '@graphql-yoga/logger': 0.0.1
      '@graphql-yoga/subscription': 3.1.0
      '@whatwg-node/fetch': 0.8.8
      '@whatwg-node/server': 0.7.7
      dset: 3.1.4
      graphql: 16.11.0
      lru-cache: 7.18.3
      tslib: 2.8.1

  graphql-yoga@5.13.5(graphql@16.11.0):
    dependencies:
      '@envelop/core': 5.2.3
      '@envelop/instrumentation': 1.0.0
      '@graphql-tools/executor': 1.4.7(graphql@16.11.0)
      '@graphql-tools/schema': 10.0.23(graphql@16.11.0)
      '@graphql-tools/utils': 10.8.6(graphql@16.11.0)
      '@graphql-yoga/logger': 2.0.1
      '@graphql-yoga/subscription': 5.0.5
      '@whatwg-node/fetch': 0.10.8
      '@whatwg-node/promise-helpers': 1.3.2
      '@whatwg-node/server': 0.10.10
      dset: 3.1.4
      graphql: 16.11.0
      lru-cache: 10.4.3
      tslib: 2.8.1

  graphql@16.11.0: {}

  hash-it@6.0.0: {}

  hookable@5.5.3: {}

  ieee754@1.2.1: {}

  jose@4.15.9: {}

  lru-cache@10.4.3: {}

  lru-cache@6.0.0:
    dependencies:
      yallist: 4.0.0

  lru-cache@7.18.3: {}

  ms@2.1.3: {}

  nanoid@5.1.5: {}

  openapi-types@12.1.3: {}

  pathe@1.1.2: {}

  peek-readable@7.0.0: {}

  punycode@1.4.1: {}

  pvtsutils@1.3.6:
    dependencies:
      tslib: 2.8.1

  pvutils@1.1.3: {}

  streamsearch@1.1.0: {}

  strtok3@10.2.2:
    dependencies:
      '@tokenizer/token': 0.3.0
      peek-readable: 7.0.0

  token-types@6.0.0:
    dependencies:
      '@tokenizer/token': 0.3.0
      ieee754: 1.2.1

  tslib@2.8.1: {}

  type-fest@4.41.0: {}

  typescript@5.8.3: {}

  uint8array-extras@1.4.0: {}

  undici-types@6.21.0: {}

  urlpattern-polyfill@10.1.0: {}

  urlpattern-polyfill@8.0.2: {}

  value-or-promise@1.0.12: {}

  web-streams-polyfill@3.3.3: {}

  webcrypto-core@1.8.1:
    dependencies:
      '@peculiar/asn1-schema': 2.3.15
      '@peculiar/json-schema': 1.1.12
      asn1js: 3.0.6
      pvtsutils: 1.3.6
      tslib: 2.8.1

  yallist@4.0.0: {}

  zhead@2.2.4: {}

  zod@3.25.36: {}
